
Microsoft Visual Studio Solution File, Format Version 12.00
# Visual Studio 15
Project("{FAE04EC0-301F-11D3-BF4B-00C04F79EFBC}") = "Ejemplo-Serializacion", "Ejemplo-Serializacion\Ejemplo-Serializacion.csproj", "{8D390323-1CF6-49EA-B0F0-2D75D3A7C1F1}"
EndProject
Global
	GlobalSection(SolutionConfigurationPlatforms) = preSolution
		Debug|anycpu = Debug|anycpu
		Release|anycpu = Release|anycpu
	EndGlobalSection
	GlobalSection(ProjectConfigurationPlatforms) = postSolution
		{8D390323-1CF6-49EA-B0F0-2D75D3A7C1F1}.Debug|anycpu.ActiveCfg = Debug|anycpu
		{8D390323-1CF6-49EA-B0F0-2D75D3A7C1F1}.Debug|anycpu.Build.0 = Debug|anycpu
		{8D390323-1CF6-49EA-B0F0-2D75D3A7C1F1}.Release|anycpu.ActiveCfg = Release|anycpu
		{8D390323-1CF6-49EA-B0F0-2D75D3A7C1F1}.Release|anycpu.Build.0 = Release|anycpu
	EndGlobalSection
EndGlobal
